# This file is autogenerated, do not edit; changes may be undone by the next 'dep ensure'.


[[projects]]
  digest = "1:1707ba850f6833209dad6ad897d1bf4943bf72355129cb833be9ebbbc517c46d"
  name = "github.com/sajari/regression"
  packages = ["."]
  pruneopts = "UT"
  revision = "c268e5d9b4c03d0c3aa9b67ee0ecbaf7bd08a6b9"
  version = "v1.0.0"

[[projects]]
  branch = "master"
  digest = "1:7c8f59e5666f3b55525a5225da301eab8bb57c4fff6a3ae37d40bf1ee9d48e2f"
  name = "gonum.org/v1/gonum"
  packages = [
    "blas",
    "blas/blas64",
    "blas/gonum",
    "floats",
    "internal/asm/c128",
    "internal/asm/f32",
    "internal/asm/f64",
    "internal/math32",
    "lapack",
    "lapack/gonum",
    "lapack/lapack64",
    "mat",
  ]
  pruneopts = "UT"
  revision = "9922db829382769e78a4586457372544eddd5a7a"

[solve-meta]
  analyzer-name = "dep"
  analyzer-version = 1
  input-imports = ["github.com/sajari/regression"]
  solver-name = "gps-cdcl"
  solver-version = 1
